
Microsoft Visual Studio Solution File, Format Version 12.00
# Visual Studio Version 17
VisualStudioVersion = 17.7.34202.233
MinimumVisualStudioVersion = 10.0.40219.1
Project("{9A19103F-16F7-4668-BE54-9A1E7A4F7556}") = "Classes_Métodos", "Classes_Métodos\Classes_Métodos.csproj", "{93135B65-5779-449D-9508-06F28AD26586}"
EndProject
Project("{9A19103F-16F7-4668-BE54-9A1E7A4F7556}") = "Métodos", "Métodos\Métodos.csproj", "{443B31DC-2A42-4B54-9927-EAAF6C05454E}"
EndProject
Project("{9A19103F-16F7-4668-BE54-9A1E7A4F7556}") = "MétodosComParâmetros", "MétodosComParâmetros\MétodosComParâmetros.csproj", "{7444E4EA-0F30-481D-AB96-FBC7F541FF70}"
EndProject
Project("{9A19103F-16F7-4668-BE54-9A1E7A4F7556}") = "PassandoParâmetrosEntreClasses", "PassandoParâmetrosEntreClasses\PassandoParâmetrosEntreClasses.csproj", "{1F6F7B0D-3305-4A95-934D-9C74942284BD}"
EndProject
Project("{9A19103F-16F7-4668-BE54-9A1E7A4F7556}") = "ConstrutorI", "ConstrutorI\ConstrutorI.csproj", "{588F46A4-083F-443D-83F8-7164F818BF1A}"
EndProject
Project("{9A19103F-16F7-4668-BE54-9A1E7A4F7556}") = "ConstrutorII", "ConstrutorII\ConstrutorII.csproj", "{E99D72BA-C687-43EE-AABE-BE348BB63C9F}"
EndProject
Project("{9A19103F-16F7-4668-BE54-9A1E7A4F7556}") = "This", "This\This.csproj", "{16B9A3C3-B4A0-4E01-AE82-1E3B2FE30AF6}"
EndProject
Project("{9A19103F-16F7-4668-BE54-9A1E7A4F7556}") = "EXERCICIO_I", "EXERCICIO_I\EXERCICIO_I.csproj", "{C48E71E4-2187-4F45-8472-1D2CAC7AEE06}"
EndProject
Project("{9A19103F-16F7-4668-BE54-9A1E7A4F7556}") = "Método_Com_Retorno", "Método_Com_Retorno\Método_Com_Retorno.csproj", "{8A5858C1-81A7-48D3-9459-A9D3F186C405}"
EndProject
Project("{9A19103F-16F7-4668-BE54-9A1E7A4F7556}") = "EXERCICIO_II", "EXERCICIO_II\EXERCICIO_II.csproj", "{A36C1CEA-130F-488B-8620-93C5903D044D}"
EndProject
Project("{9A19103F-16F7-4668-BE54-9A1E7A4F7556}") = "SobrecargaDeMétodos", "SobrecargaDeMétodos\SobrecargaDeMétodos.csproj", "{F0DDA3E1-5C9C-46DD-8F66-EA1C5D593C23}"
EndProject
Project("{9A19103F-16F7-4668-BE54-9A1E7A4F7556}") = "EXEMPLO_PRÁTICO_I", "EXEMPLO_PRÁTICO_I\EXEMPLO_PRÁTICO_I.csproj", "{7EE442B9-B862-42EB-BD2F-4CE18C985363}"
EndProject
Project("{9A19103F-16F7-4668-BE54-9A1E7A4F7556}") = "PassandroArgumentosPorValor", "PassandroArgumentosPorValor\PassandroArgumentosPorValor.csproj", "{EC1ADB48-FC7E-40E3-A239-01E6AE19F94F}"
EndProject
Project("{9A19103F-16F7-4668-BE54-9A1E7A4F7556}") = "PassandoArgumentosPorReferencia", "PassandoArgumentosPorReferencia\PassandoArgumentosPorReferencia.csproj", "{9D2FCACC-2E87-423C-BA7A-AE9F0866A913}"
EndProject
Project("{9A19103F-16F7-4668-BE54-9A1E7A4F7556}") = "EXERCICIO_III", "EXERCICIO_III\EXERCICIO_III.csproj", "{C1B9C074-BD9B-45FF-82F5-AAB12A0B4E2D}"
EndProject
Project("{9A19103F-16F7-4668-BE54-9A1E7A4F7556}") = "Calculadora", "Calculadora\Calculadora.csproj", "{F2FD1AF0-4C52-42DF-B347-B1FD72D793D1}"
EndProject
Project("{9A19103F-16F7-4668-BE54-9A1E7A4F7556}") = "PassandoArgumentosPorReferenciaComOut", "PassandoArgumentosPorReferenciaComOut\PassandoArgumentosPorReferenciaComOut.csproj", "{BD07C57C-C3B3-4C6A-ABB5-90A37B09A07D}"
EndProject
Project("{9A19103F-16F7-4668-BE54-9A1E7A4F7556}") = "EXERCICIO_IV", "EXERCICIO_IV\EXERCICIO_IV.csproj", "{8BB981DC-444A-45E8-9E3C-6A6B4B2EDAE2}"
EndProject
Project("{9A19103F-16F7-4668-BE54-9A1E7A4F7556}") = "ArgumentosNomeados", "ArgumentosNomeados\ArgumentosNomeados.csproj", "{0F0CCD0A-3079-44F6-BE74-F35215ED0164}"
EndProject
Project("{9A19103F-16F7-4668-BE54-9A1E7A4F7556}") = "ParâmetrosOpcionais", "ParâmetrosOpcionais\ParâmetrosOpcionais.csproj", "{33EBD5D8-DD96-4595-B7D1-DC105FBC4C9F}"
EndProject
Project("{FAE04EC0-301F-11D3-BF4B-00C04F79EFBC}") = "EXERCICIO_V", "EXERCICIO_V\EXERCICIO_V.csproj", "{0CA819F9-2004-41D3-94B4-D782F7823692}"
EndProject
Project("{FAE04EC0-301F-11D3-BF4B-00C04F79EFBC}") = "MétodosEstaticos", "MétodosEstaticos\MétodosEstaticos.csproj", "{0DE825F9-48D0-4C55-947E-E8468EEDEBDA}"
EndProject
Project("{FAE04EC0-301F-11D3-BF4B-00C04F79EFBC}") = "CamposEstáticos", "CamposEstáticos\CamposEstáticos.csproj", "{581A6C40-07D9-4990-A262-1B121B6A198E}"
EndProject
Project("{FAE04EC0-301F-11D3-BF4B-00C04F79EFBC}") = "EXEMPLO_PRATICO_II", "EXEMPLO_PRATICO_II\EXEMPLO_PRATICO_II.csproj", "{711FB293-93B3-426A-908D-A26187A57C5E}"
EndProject
Project("{FAE04EC0-301F-11D3-BF4B-00C04F79EFBC}") = "EXERCICIO_VI", "EXERCICIO_VI\EXERCICIO_VI.csproj", "{FA334E92-39ED-45BE-BC15-0879E2DA1F4E}"
EndProject
Global
	GlobalSection(SolutionConfigurationPlatforms) = preSolution
		Debug|Any CPU = Debug|Any CPU
		Release|Any CPU = Release|Any CPU
	EndGlobalSection
	GlobalSection(ProjectConfigurationPlatforms) = postSolution
		{93135B65-5779-449D-9508-06F28AD26586}.Debug|Any CPU.ActiveCfg = Debug|Any CPU
		{93135B65-5779-449D-9508-06F28AD26586}.Debug|Any CPU.Build.0 = Debug|Any CPU
		{93135B65-5779-449D-9508-06F28AD26586}.Release|Any CPU.ActiveCfg = Release|Any CPU
		{93135B65-5779-449D-9508-06F28AD26586}.Release|Any CPU.Build.0 = Release|Any CPU
		{443B31DC-2A42-4B54-9927-EAAF6C05454E}.Debug|Any CPU.ActiveCfg = Debug|Any CPU
		{443B31DC-2A42-4B54-9927-EAAF6C05454E}.Debug|Any CPU.Build.0 = Debug|Any CPU
		{443B31DC-2A42-4B54-9927-EAAF6C05454E}.Release|Any CPU.ActiveCfg = Release|Any CPU
		{443B31DC-2A42-4B54-9927-EAAF6C05454E}.Release|Any CPU.Build.0 = Release|Any CPU
		{7444E4EA-0F30-481D-AB96-FBC7F541FF70}.Debug|Any CPU.ActiveCfg = Debug|Any CPU
		{7444E4EA-0F30-481D-AB96-FBC7F541FF70}.Debug|Any CPU.Build.0 = Debug|Any CPU
		{7444E4EA-0F30-481D-AB96-FBC7F541FF70}.Release|Any CPU.ActiveCfg = Release|Any CPU
		{7444E4EA-0F30-481D-AB96-FBC7F541FF70}.Release|Any CPU.Build.0 = Release|Any CPU
		{1F6F7B0D-3305-4A95-934D-9C74942284BD}.Debug|Any CPU.ActiveCfg = Debug|Any CPU
		{1F6F7B0D-3305-4A95-934D-9C74942284BD}.Debug|Any CPU.Build.0 = Debug|Any CPU
		{1F6F7B0D-3305-4A95-934D-9C74942284BD}.Release|Any CPU.ActiveCfg = Release|Any CPU
		{1F6F7B0D-3305-4A95-934D-9C74942284BD}.Release|Any CPU.Build.0 = Release|Any CPU
		{588F46A4-083F-443D-83F8-7164F818BF1A}.Debug|Any CPU.ActiveCfg = Debug|Any CPU
		{588F46A4-083F-443D-83F8-7164F818BF1A}.Debug|Any CPU.Build.0 = Debug|Any CPU
		{588F46A4-083F-443D-83F8-7164F818BF1A}.Release|Any CPU.ActiveCfg = Release|Any CPU
		{588F46A4-083F-443D-83F8-7164F818BF1A}.Release|Any CPU.Build.0 = Release|Any CPU
		{E99D72BA-C687-43EE-AABE-BE348BB63C9F}.Debug|Any CPU.ActiveCfg = Debug|Any CPU
		{E99D72BA-C687-43EE-AABE-BE348BB63C9F}.Debug|Any CPU.Build.0 = Debug|Any CPU
		{E99D72BA-C687-43EE-AABE-BE348BB63C9F}.Release|Any CPU.ActiveCfg = Release|Any CPU
		{E99D72BA-C687-43EE-AABE-BE348BB63C9F}.Release|Any CPU.Build.0 = Release|Any CPU
		{16B9A3C3-B4A0-4E01-AE82-1E3B2FE30AF6}.Debug|Any CPU.ActiveCfg = Debug|Any CPU
		{16B9A3C3-B4A0-4E01-AE82-1E3B2FE30AF6}.Debug|Any CPU.Build.0 = Debug|Any CPU
		{16B9A3C3-B4A0-4E01-AE82-1E3B2FE30AF6}.Release|Any CPU.ActiveCfg = Release|Any CPU
		{16B9A3C3-B4A0-4E01-AE82-1E3B2FE30AF6}.Release|Any CPU.Build.0 = Release|Any CPU
		{C48E71E4-2187-4F45-8472-1D2CAC7AEE06}.Debug|Any CPU.ActiveCfg = Debug|Any CPU
		{C48E71E4-2187-4F45-8472-1D2CAC7AEE06}.Debug|Any CPU.Build.0 = Debug|Any CPU
		{C48E71E4-2187-4F45-8472-1D2CAC7AEE06}.Release|Any CPU.ActiveCfg = Release|Any CPU
		{C48E71E4-2187-4F45-8472-1D2CAC7AEE06}.Release|Any CPU.Build.0 = Release|Any CPU
		{8A5858C1-81A7-48D3-9459-A9D3F186C405}.Debug|Any CPU.ActiveCfg = Debug|Any CPU
		{8A5858C1-81A7-48D3-9459-A9D3F186C405}.Debug|Any CPU.Build.0 = Debug|Any CPU
		{8A5858C1-81A7-48D3-9459-A9D3F186C405}.Release|Any CPU.ActiveCfg = Release|Any CPU
		{8A5858C1-81A7-48D3-9459-A9D3F186C405}.Release|Any CPU.Build.0 = Release|Any CPU
		{A36C1CEA-130F-488B-8620-93C5903D044D}.Debug|Any CPU.ActiveCfg = Debug|Any CPU
		{A36C1CEA-130F-488B-8620-93C5903D044D}.Debug|Any CPU.Build.0 = Debug|Any CPU
		{A36C1CEA-130F-488B-8620-93C5903D044D}.Release|Any CPU.ActiveCfg = Release|Any CPU
		{A36C1CEA-130F-488B-8620-93C5903D044D}.Release|Any CPU.Build.0 = Release|Any CPU
		{F0DDA3E1-5C9C-46DD-8F66-EA1C5D593C23}.Debug|Any CPU.ActiveCfg = Debug|Any CPU
		{F0DDA3E1-5C9C-46DD-8F66-EA1C5D593C23}.Debug|Any CPU.Build.0 = Debug|Any CPU
		{F0DDA3E1-5C9C-46DD-8F66-EA1C5D593C23}.Release|Any CPU.ActiveCfg = Release|Any CPU
		{F0DDA3E1-5C9C-46DD-8F66-EA1C5D593C23}.Release|Any CPU.Build.0 = Release|Any CPU
		{7EE442B9-B862-42EB-BD2F-4CE18C985363}.Debug|Any CPU.ActiveCfg = Debug|Any CPU
		{7EE442B9-B862-42EB-BD2F-4CE18C985363}.Debug|Any CPU.Build.0 = Debug|Any CPU
		{7EE442B9-B862-42EB-BD2F-4CE18C985363}.Release|Any CPU.ActiveCfg = Release|Any CPU
		{7EE442B9-B862-42EB-BD2F-4CE18C985363}.Release|Any CPU.Build.0 = Release|Any CPU
		{EC1ADB48-FC7E-40E3-A239-01E6AE19F94F}.Debug|Any CPU.ActiveCfg = Debug|Any CPU
		{EC1ADB48-FC7E-40E3-A239-01E6AE19F94F}.Debug|Any CPU.Build.0 = Debug|Any CPU
		{EC1ADB48-FC7E-40E3-A239-01E6AE19F94F}.Release|Any CPU.ActiveCfg = Release|Any CPU
		{EC1ADB48-FC7E-40E3-A239-01E6AE19F94F}.Release|Any CPU.Build.0 = Release|Any CPU
		{9D2FCACC-2E87-423C-BA7A-AE9F0866A913}.Debug|Any CPU.ActiveCfg = Debug|Any CPU
		{9D2FCACC-2E87-423C-BA7A-AE9F0866A913}.Debug|Any CPU.Build.0 = Debug|Any CPU
		{9D2FCACC-2E87-423C-BA7A-AE9F0866A913}.Release|Any CPU.ActiveCfg = Release|Any CPU
		{9D2FCACC-2E87-423C-BA7A-AE9F0866A913}.Release|Any CPU.Build.0 = Release|Any CPU
		{C1B9C074-BD9B-45FF-82F5-AAB12A0B4E2D}.Debug|Any CPU.ActiveCfg = Debug|Any CPU
		{C1B9C074-BD9B-45FF-82F5-AAB12A0B4E2D}.Debug|Any CPU.Build.0 = Debug|Any CPU
		{C1B9C074-BD9B-45FF-82F5-AAB12A0B4E2D}.Release|Any CPU.ActiveCfg = Release|Any CPU
		{C1B9C074-BD9B-45FF-82F5-AAB12A0B4E2D}.Release|Any CPU.Build.0 = Release|Any CPU
		{F2FD1AF0-4C52-42DF-B347-B1FD72D793D1}.Debug|Any CPU.ActiveCfg = Debug|Any CPU
		{F2FD1AF0-4C52-42DF-B347-B1FD72D793D1}.Debug|Any CPU.Build.0 = Debug|Any CPU
		{F2FD1AF0-4C52-42DF-B347-B1FD72D793D1}.Release|Any CPU.ActiveCfg = Release|Any CPU
		{F2FD1AF0-4C52-42DF-B347-B1FD72D793D1}.Release|Any CPU.Build.0 = Release|Any CPU
		{BD07C57C-C3B3-4C6A-ABB5-90A37B09A07D}.Debug|Any CPU.ActiveCfg = Debug|Any CPU
		{BD07C57C-C3B3-4C6A-ABB5-90A37B09A07D}.Debug|Any CPU.Build.0 = Debug|Any CPU
		{BD07C57C-C3B3-4C6A-ABB5-90A37B09A07D}.Release|Any CPU.ActiveCfg = Release|Any CPU
		{BD07C57C-C3B3-4C6A-ABB5-90A37B09A07D}.Release|Any CPU.Build.0 = Release|Any CPU
		{8BB981DC-444A-45E8-9E3C-6A6B4B2EDAE2}.Debug|Any CPU.ActiveCfg = Debug|Any CPU
		{8BB981DC-444A-45E8-9E3C-6A6B4B2EDAE2}.Debug|Any CPU.Build.0 = Debug|Any CPU
		{8BB981DC-444A-45E8-9E3C-6A6B4B2EDAE2}.Release|Any CPU.ActiveCfg = Release|Any CPU
		{8BB981DC-444A-45E8-9E3C-6A6B4B2EDAE2}.Release|Any CPU.Build.0 = Release|Any CPU
		{0F0CCD0A-3079-44F6-BE74-F35215ED0164}.Debug|Any CPU.ActiveCfg = Debug|Any CPU
		{0F0CCD0A-3079-44F6-BE74-F35215ED0164}.Debug|Any CPU.Build.0 = Debug|Any CPU
		{0F0CCD0A-3079-44F6-BE74-F35215ED0164}.Release|Any CPU.ActiveCfg = Release|Any CPU
		{0F0CCD0A-3079-44F6-BE74-F35215ED0164}.Release|Any CPU.Build.0 = Release|Any CPU
		{33EBD5D8-DD96-4595-B7D1-DC105FBC4C9F}.Debug|Any CPU.ActiveCfg = Debug|Any CPU
		{33EBD5D8-DD96-4595-B7D1-DC105FBC4C9F}.Debug|Any CPU.Build.0 = Debug|Any CPU
		{33EBD5D8-DD96-4595-B7D1-DC105FBC4C9F}.Release|Any CPU.ActiveCfg = Release|Any CPU
		{33EBD5D8-DD96-4595-B7D1-DC105FBC4C9F}.Release|Any CPU.Build.0 = Release|Any CPU
		{0CA819F9-2004-41D3-94B4-D782F7823692}.Debug|Any CPU.ActiveCfg = Debug|Any CPU
		{0CA819F9-2004-41D3-94B4-D782F7823692}.Debug|Any CPU.Build.0 = Debug|Any CPU
		{0CA819F9-2004-41D3-94B4-D782F7823692}.Release|Any CPU.ActiveCfg = Release|Any CPU
		{0CA819F9-2004-41D3-94B4-D782F7823692}.Release|Any CPU.Build.0 = Release|Any CPU
		{0DE825F9-48D0-4C55-947E-E8468EEDEBDA}.Debug|Any CPU.ActiveCfg = Debug|Any CPU
		{0DE825F9-48D0-4C55-947E-E8468EEDEBDA}.Debug|Any CPU.Build.0 = Debug|Any CPU
		{0DE825F9-48D0-4C55-947E-E8468EEDEBDA}.Release|Any CPU.ActiveCfg = Release|Any CPU
		{0DE825F9-48D0-4C55-947E-E8468EEDEBDA}.Release|Any CPU.Build.0 = Release|Any CPU
		{581A6C40-07D9-4990-A262-1B121B6A198E}.Debug|Any CPU.ActiveCfg = Debug|Any CPU
		{581A6C40-07D9-4990-A262-1B121B6A198E}.Debug|Any CPU.Build.0 = Debug|Any CPU
		{581A6C40-07D9-4990-A262-1B121B6A198E}.Release|Any CPU.ActiveCfg = Release|Any CPU
		{581A6C40-07D9-4990-A262-1B121B6A198E}.Release|Any CPU.Build.0 = Release|Any CPU
		{711FB293-93B3-426A-908D-A26187A57C5E}.Debug|Any CPU.ActiveCfg = Debug|Any CPU
		{711FB293-93B3-426A-908D-A26187A57C5E}.Debug|Any CPU.Build.0 = Debug|Any CPU
		{711FB293-93B3-426A-908D-A26187A57C5E}.Release|Any CPU.ActiveCfg = Release|Any CPU
		{711FB293-93B3-426A-908D-A26187A57C5E}.Release|Any CPU.Build.0 = Release|Any CPU
		{FA334E92-39ED-45BE-BC15-0879E2DA1F4E}.Debug|Any CPU.ActiveCfg = Debug|Any CPU
		{FA334E92-39ED-45BE-BC15-0879E2DA1F4E}.Debug|Any CPU.Build.0 = Debug|Any CPU
		{FA334E92-39ED-45BE-BC15-0879E2DA1F4E}.Release|Any CPU.ActiveCfg = Release|Any CPU
		{FA334E92-39ED-45BE-BC15-0879E2DA1F4E}.Release|Any CPU.Build.0 = Release|Any CPU
	EndGlobalSection
	GlobalSection(SolutionProperties) = preSolution
		HideSolutionNode = FALSE
	EndGlobalSection
	GlobalSection(ExtensibilityGlobals) = postSolution
		SolutionGuid = {88E2279B-AAE6-42B5-9BFB-D720E8648950}
	EndGlobalSection
EndGlobal
